# THIS IS AN AUTOGENERATED FILE. DO NOT EDIT THIS FILE DIRECTLY.
# yarn lockfile v1


"@chainsafe/sha256-rust-wasm@^1.0.0":
  version "1.0.0"
  resolved "https://registry.yarnpkg.com/@chainsafe/sha256-rust-wasm/-/sha256-rust-wasm-1.0.0.tgz#6263e2c63389900f7e4bcc8f4c7759c123c58b09"
  integrity sha512-D7eAP/zjNdhXCRw3gxdYwqVUlwtxXx4pp3f2c32hYW/jzpKzQBi0xSVDskeBm5DNZHnqDy8uG9FZKN8c9h8yKQ==

asmcrypto.js@^2.3.2:
  version "2.3.2"
  resolved "https://registry.yarnpkg.com/asmcrypto.js/-/asmcrypto.js-2.3.2.tgz#b9f84bd0a1fb82f21f8c29cc284a707ad17bba2e"
  integrity sha512-3FgFARf7RupsZETQ1nHnhLUUvpcttcCq1iZCaVAbJZbCZ5VNRrNyvpDyHTOb0KC3llFcsyOT/a99NZcCbeiEsA==

benchmark@^2.1.4:
  version "2.1.4"
  resolved "https://registry.yarnpkg.com/benchmark/-/benchmark-2.1.4.tgz#09f3de31c916425d498cc2ee565a0ebf3c2a5629"
  integrity sha1-CfPeMckWQl1JjMLuVloOvzwqVik=
  dependencies:
    lodash "^4.17.4"
    platform "^1.3.3"

js-sha256@^0.9.0:
  version "0.9.0"
  resolved "https://registry.yarnpkg.com/js-sha256/-/js-sha256-0.9.0.tgz#0b89ac166583e91ef9123644bd3c5334ce9d0966"
  integrity sha512-sga3MHh9sgQN2+pJ9VYZ+1LPwXOxuBJBA5nrR5/ofPfuiJBE2hnjsaN8se8JznOmGLN2p49Pe5U/ttafcs/apA==

lodash@^4.17.4:
  version "4.17.15"
  resolved "https://registry.yarnpkg.com/lodash/-/lodash-4.17.15.tgz#b447f6670a0455bbfeedd11392eff330ea097548"
  integrity sha512-8xOcRHvCjnocdS5cpwXQXVzmmh5e5+saE2QGoeQmbKmRS6J3VQppPOIt0MnmE+4xlZoumy0GPG0D0MVIQbNA1A==

platform@^1.3.3:
  version "1.3.5"
  resolved "https://registry.yarnpkg.com/platform/-/platform-1.3.5.tgz#fb6958c696e07e2918d2eeda0f0bc9448d733444"
  integrity sha512-TuvHS8AOIZNAlE77WUDiR4rySV/VMptyMfcfeoMgs4P8apaZM3JrnbzBiixKUv+XR6i+BXrQh8WAnjaSPFO65Q==
